
Microsoft Visual Studio Solution File, Format Version 12.00
# Visual Studio Version 16
VisualStudioVersion = 16.0.30114.105
MinimumVisualStudioVersion = 10.0.40219.1
Project("{2150E333-8FDC-42A3-9474-1A3956D46DE8}") = "src", "src", "{F469AFA5-9A24-4503-A485-ADCDF53ECB24}"
EndProject
Project("{FAE04EC0-301F-11D3-BF4B-00C04F79EFBC}") = "Pretpark.All", "src\Pretpark.All\Pretpark.All.csproj", "{9134AF7A-1C90-42D5-AC51-677A2BE57ED0}"
EndProject
Project("{2150E333-8FDC-42A3-9474-1A3956D46DE8}") = "test", "test", "{EFDF46F1-BC6D-41A7-BE95-333D63440D61}"
EndProject
Project("{FAE04EC0-301F-11D3-BF4B-00C04F79EFBC}") = "PretparkTests", "test\PretparkTests\PretparkTests.csproj", "{B1173391-A17F-440B-8B9F-BCB2CB36130D}"
EndProject
Global
	GlobalSection(SolutionConfigurationPlatforms) = preSolution
		Debug|Any CPU = Debug|Any CPU
		Release|Any CPU = Release|Any CPU
	EndGlobalSection
	GlobalSection(SolutionProperties) = preSolution
		HideSolutionNode = FALSE
	EndGlobalSection
	GlobalSection(ProjectConfigurationPlatforms) = postSolution
		{9134AF7A-1C90-42D5-AC51-677A2BE57ED0}.Debug|Any CPU.ActiveCfg = Debug|Any CPU
		{9134AF7A-1C90-42D5-AC51-677A2BE57ED0}.Debug|Any CPU.Build.0 = Debug|Any CPU
		{9134AF7A-1C90-42D5-AC51-677A2BE57ED0}.Release|Any CPU.ActiveCfg = Release|Any CPU
		{9134AF7A-1C90-42D5-AC51-677A2BE57ED0}.Release|Any CPU.Build.0 = Release|Any CPU
		{B1173391-A17F-440B-8B9F-BCB2CB36130D}.Debug|Any CPU.ActiveCfg = Debug|Any CPU
		{B1173391-A17F-440B-8B9F-BCB2CB36130D}.Debug|Any CPU.Build.0 = Debug|Any CPU
		{B1173391-A17F-440B-8B9F-BCB2CB36130D}.Release|Any CPU.ActiveCfg = Release|Any CPU
		{B1173391-A17F-440B-8B9F-BCB2CB36130D}.Release|Any CPU.Build.0 = Release|Any CPU
	EndGlobalSection
	GlobalSection(NestedProjects) = preSolution
		{9134AF7A-1C90-42D5-AC51-677A2BE57ED0} = {F469AFA5-9A24-4503-A485-ADCDF53ECB24}
		{B1173391-A17F-440B-8B9F-BCB2CB36130D} = {EFDF46F1-BC6D-41A7-BE95-333D63440D61}
	EndGlobalSection
EndGlobal
