
Microsoft Visual Studio Solution File, Format Version 12.00
# Visual Studio Version 16
VisualStudioVersion = 16.0.30114.105
MinimumVisualStudioVersion = 10.0.40219.1
Project("{2150E333-8FDC-42A3-9474-1A3956D46DE8}") = "src", "src", "{F469AFA5-9A24-4503-A485-ADCDF53ECB24}"
EndProject
Project("{FAE04EC0-301F-11D3-BF4B-00C04F79EFBC}") = "Pretpark.All", "src\Pretpark.All\Pretpark.All.csproj", "{9134AF7A-1C90-42D5-AC51-677A2BE57ED0}"
EndProject
Project("{2150E333-8FDC-42A3-9474-1A3956D46DE8}") = "test", "test", "{2B910CAA-FABA-43D3-AD83-3C6256BB8E14}"
EndProject
Project("{FAE04EC0-301F-11D3-BF4B-00C04F79EFBC}") = "Pretpark", "test\Pretpark\Pretpark.csproj", "{FB757E83-B417-43B4-824F-A4145E254BB1}"
EndProject
Global
	GlobalSection(SolutionConfigurationPlatforms) = preSolution
		Debug|Any CPU = Debug|Any CPU
		Release|Any CPU = Release|Any CPU
	EndGlobalSection
	GlobalSection(SolutionProperties) = preSolution
		HideSolutionNode = FALSE
	EndGlobalSection
	GlobalSection(ProjectConfigurationPlatforms) = postSolution
		{9134AF7A-1C90-42D5-AC51-677A2BE57ED0}.Debug|Any CPU.ActiveCfg = Debug|Any CPU
		{9134AF7A-1C90-42D5-AC51-677A2BE57ED0}.Debug|Any CPU.Build.0 = Debug|Any CPU
		{9134AF7A-1C90-42D5-AC51-677A2BE57ED0}.Release|Any CPU.ActiveCfg = Release|Any CPU
		{9134AF7A-1C90-42D5-AC51-677A2BE57ED0}.Release|Any CPU.Build.0 = Release|Any CPU
		{FB757E83-B417-43B4-824F-A4145E254BB1}.Debug|Any CPU.ActiveCfg = Debug|Any CPU
		{FB757E83-B417-43B4-824F-A4145E254BB1}.Debug|Any CPU.Build.0 = Debug|Any CPU
		{FB757E83-B417-43B4-824F-A4145E254BB1}.Release|Any CPU.ActiveCfg = Release|Any CPU
		{FB757E83-B417-43B4-824F-A4145E254BB1}.Release|Any CPU.Build.0 = Release|Any CPU
	EndGlobalSection
	GlobalSection(NestedProjects) = preSolution
		{9134AF7A-1C90-42D5-AC51-677A2BE57ED0} = {F469AFA5-9A24-4503-A485-ADCDF53ECB24}
		{FB757E83-B417-43B4-824F-A4145E254BB1} = {2B910CAA-FABA-43D3-AD83-3C6256BB8E14}
	EndGlobalSection
EndGlobal
